dependencies:
- name: stiebeleltron-exporter
  repository: https://ccremer.github.io/charts
  version: 0.1.1
- name: influxdb2
  repository: https://helm.influxdata.com
  version: 2.1.1
digest: sha256:664dd38dcdd8eee3bf8a44599733646b750eccc38d5eb550c0a261c770629ba6
generated: "2022-11-20T14:21:50.266342908Z"
