dependencies:
- name: fronius-exporter
  repository: https://ccremer.github.io/charts
  version: 0.8.1
- name: influxdb2
  repository: https://helm.influxdata.com
  version: 2.1.1
digest: sha256:6feea474b1a1138eced7658dfa0c10c48413727da76681735e5e9ac2f5943d3a
generated: "2022-11-20T14:22:13.601178391Z"
